# THIS IS AN AUTOGENERATED FILE. DO NOT EDIT THIS FILE DIRECTLY.
# yarn lockfile v1


"@noble/hashes@~1.7.1":
  version "1.7.1"
  resolved "https://registry.yarnpkg.com/@noble/hashes/-/hashes-1.7.1.tgz#5738f6d765710921e7a751e00c20ae091ed8db0f"
  integrity sha512-B8XBPsn4vT/KJAGqDzbwztd+6Yte3P4V7iafm24bxgDe/mlRuK6xmWPuCNrKt2vDafZ8MfJLlchDG/vYafQEjQ==

"@scure/base@~1.2.4":
  version "1.2.4"
  resolved "https://registry.yarnpkg.com/@scure/base/-/base-1.2.4.tgz#002eb571a35d69bdb4c214d0995dff76a8dcd2a9"
  integrity sha512-5Yy9czTO47mqz+/J8GM6GIId4umdCk1wc1q8rKERQulIoc8VP9pzDcghv10Tl2E7R96ZUx/PhND3ESYUQX8NuQ==

"@scure/bip39@^1.5.4":
  version "1.5.4"
  resolved "https://registry.yarnpkg.com/@scure/bip39/-/bip39-1.5.4.tgz#07fd920423aa671be4540d59bdd344cc1461db51"
  integrity sha512-TFM4ni0vKvCfBpohoh+/lY05i9gRbSwXWngAsF4CABQxoaOHijxuaZ2R6cStDQ5CHtHO9aGJTr4ksVJASRRyMA==
  dependencies:
    "@noble/hashes" "~1.7.1"
    "@scure/base" "~1.2.4"
